
Microsoft Visual Studio Solution File, Format Version 12.00
# Visual Studio Version 16
VisualStudioVersion = 16.0.30804.86
MinimumVisualStudioVersion = 10.0.40219.1
Project("{FAE04EC0-301F-11D3-BF4B-00C04F79EFBC}") = "RestSharpDemo", "RestSharpDemo\RestSharpDemo.csproj", "{D8D5EE34-B22D-45C5-9E78-668F4B34F1F9}"
EndProject
Global
	GlobalSection(SolutionConfigurationPlatforms) = preSolution
		Debug|Any CPU = Debug|Any CPU
		Release|Any CPU = Release|Any CPU
	EndGlobalSection
	GlobalSection(ProjectConfigurationPlatforms) = postSolution
		{D8D5EE34-B22D-45C5-9E78-668F4B34F1F9}.Debug|Any CPU.ActiveCfg = Debug|Any CPU
		{D8D5EE34-B22D-45C5-9E78-668F4B34F1F9}.Debug|Any CPU.Build.0 = Debug|Any CPU
		{D8D5EE34-B22D-45C5-9E78-668F4B34F1F9}.Release|Any CPU.ActiveCfg = Release|Any CPU
		{D8D5EE34-B22D-45C5-9E78-668F4B34F1F9}.Release|Any CPU.Build.0 = Release|Any CPU
	EndGlobalSection
	GlobalSection(SolutionProperties) = preSolution
		HideSolutionNode = FALSE
	EndGlobalSection
	GlobalSection(ExtensibilityGlobals) = postSolution
		SolutionGuid = {DD3157F7-09CB-4D7E-BE28-99C02F2183BB}
	EndGlobalSection
EndGlobal
